
Microsoft Visual Studio Solution File, Format Version 12.00
# Visual Studio Version 17
VisualStudioVersion = 17.11.35222.181
MinimumVisualStudioVersion = 10.0.40219.1
Project("{9A19103F-16F7-4668-BE54-9A1E7A4F7556}") = "UserManagement", "UserManagement\UserManagement.csproj", "{7089A15D-C5BB-462B-BEB7-6A442227E706}"
EndProject
Project("{FAE04EC0-301F-11D3-BF4B-00C04F79EFBC}") = "Web", "Web\Web.csproj", "{18D99F5F-3552-4328-839C-625FEB2C9EEB}"
EndProject
Global
	GlobalSection(SolutionConfigurationPlatforms) = preSolution
		Debug|Any CPU = Debug|Any CPU
		Release|Any CPU = Release|Any CPU
	EndGlobalSection
	GlobalSection(ProjectConfigurationPlatforms) = postSolution
		{7089A15D-C5BB-462B-BEB7-6A442227E706}.Debug|Any CPU.ActiveCfg = Debug|Any CPU
		{7089A15D-C5BB-462B-BEB7-6A442227E706}.Debug|Any CPU.Build.0 = Debug|Any CPU
		{7089A15D-C5BB-462B-BEB7-6A442227E706}.Release|Any CPU.ActiveCfg = Release|Any CPU
		{7089A15D-C5BB-462B-BEB7-6A442227E706}.Release|Any CPU.Build.0 = Release|Any CPU
		{18D99F5F-3552-4328-839C-625FEB2C9EEB}.Debug|Any CPU.ActiveCfg = Debug|Any CPU
		{18D99F5F-3552-4328-839C-625FEB2C9EEB}.Debug|Any CPU.Build.0 = Debug|Any CPU
		{18D99F5F-3552-4328-839C-625FEB2C9EEB}.Release|Any CPU.ActiveCfg = Release|Any CPU
		{18D99F5F-3552-4328-839C-625FEB2C9EEB}.Release|Any CPU.Build.0 = Release|Any CPU
	EndGlobalSection
	GlobalSection(SolutionProperties) = preSolution
		HideSolutionNode = FALSE
	EndGlobalSection
	GlobalSection(ExtensibilityGlobals) = postSolution
		SolutionGuid = {B15CE954-9CCD-4534-9DF0-9C187588981D}
	EndGlobalSection
EndGlobal
